# THIS IS AN AUTOGENERATED FILE. DO NOT EDIT THIS FILE DIRECTLY.
# yarn lockfile v1


"@cspotcode/source-map-consumer@0.8.0":
  version "0.8.0"
  resolved "https://registry.yarnpkg.com/@cspotcode/source-map-consumer/-/source-map-consumer-0.8.0.tgz#33bf4b7b39c178821606f669bbc447a6a629786b"
  integrity sha512-41qniHzTU8yAGbCp04ohlmSrZf8bkf/iJsl3V0dRGsQN/5GFfx+LbCSsCpp2gqrqjTVg/K6O8ycoV35JIwAzAg==

"@cspotcode/source-map-support@0.6.1":
  version "0.6.1"
  resolved "https://registry.yarnpkg.com/@cspotcode/source-map-support/-/source-map-support-0.6.1.tgz#118511f316e2e87ee4294761868e254d3da47960"
  integrity sha512-DX3Z+T5dt1ockmPdobJS/FAsQPW4V4SrWEhD2iYQT2Cb2tQsiMnYxrcUH9By/Z3B+v0S5LMBkQtV/XOBbpLEOg==
  dependencies:
    "@cspotcode/source-map-consumer" "0.8.0"

"@prisma/client@^3.1.1":
  version "3.1.1"
  resolved "https://registry.yarnpkg.com/@prisma/client/-/client-3.1.1.tgz#f4012631528049c22d12b212846dcf503db33cfe"
  integrity sha512-8ud8vVFMIg37yrkZ4wPpjKoMxFbCL0Pesq5eyLnag/s0LTKsVEN7ZBIQq9JzWW+AUqOzGKXr2Jt4Sl8xdGI99w==
  dependencies:
    "@prisma/engines-version" "3.1.0-24.c22652b7e418506fab23052d569b85d3aec4883f"

"@prisma/engines-version@3.1.0-24.c22652b7e418506fab23052d569b85d3aec4883f":
  version "3.1.0-24.c22652b7e418506fab23052d569b85d3aec4883f"
  resolved "https://registry.yarnpkg.com/@prisma/engines-version/-/engines-version-3.1.0-24.c22652b7e418506fab23052d569b85d3aec4883f.tgz#f9908eb7808f2a546634398063942eaecb2474ef"
  integrity sha512-EuEMKLuwIcBO7uInZQHeG1yaywcfl32Tq8TDf5tgLvblk+ka70sej7S67lh3BV5gXMLTc3GdthSHPfDqZEK5uA==

"@prisma/engines@3.2.0-34.afdab2f10860244038c4e32458134112852d4dad":
  version "3.2.0-34.afdab2f10860244038c4e32458134112852d4dad"
  resolved "https://registry.yarnpkg.com/@prisma/engines/-/engines-3.2.0-34.afdab2f10860244038c4e32458134112852d4dad.tgz#d8e6ceaddae105f0c882ac9113873f8f1e89d64a"
  integrity sha512-MiZORXXsGORXTF9RqqKIlN/2ohkaxAWTsS7qxDJTy5ThTYLrXSmzxTSohM4qN/AI616B+o5WV7XTBhjlPKSufg==

"@tsconfig/node10@^1.0.7":
  version "1.0.8"
  resolved "https://registry.yarnpkg.com/@tsconfig/node10/-/node10-1.0.8.tgz#c1e4e80d6f964fbecb3359c43bd48b40f7cadad9"
  integrity sha512-6XFfSQmMgq0CFLY1MslA/CPUfhIL919M1rMsa5lP2P097N2Wd1sSX0tx1u4olM16fLNhtHZpRhedZJphNJqmZg==

"@tsconfig/node12@^1.0.7":
  version "1.0.9"
  resolved "https://registry.yarnpkg.com/@tsconfig/node12/-/node12-1.0.9.tgz#62c1f6dee2ebd9aead80dc3afa56810e58e1a04c"
  integrity sha512-/yBMcem+fbvhSREH+s14YJi18sp7J9jpuhYByADT2rypfajMZZN4WQ6zBGgBKp53NKmqI36wFYDb3yaMPurITw==

"@tsconfig/node14@^1.0.0":
  version "1.0.1"
  resolved "https://registry.yarnpkg.com/@tsconfig/node14/-/node14-1.0.1.tgz#95f2d167ffb9b8d2068b0b235302fafd4df711f2"
  integrity sha512-509r2+yARFfHHE7T6Puu2jjkoycftovhXRqW328PDXTVGKihlb1P8Z9mMZH04ebyajfRY7dedfGynlrFHJUQCg==

"@tsconfig/node16@^1.0.2":
  version "1.0.2"
  resolved "https://registry.yarnpkg.com/@tsconfig/node16/-/node16-1.0.2.tgz#423c77877d0569db20e1fc80885ac4118314010e"
  integrity sha512-eZxlbI8GZscaGS7kkc/trHTT5xgrjH3/1n2JDwusC9iahPKWMRvRjJSAN5mCXviuTGQ/lHnhvv8Q1YTpnfz9gA==

"@types/mime@^2.0.3":
  version "2.0.3"
  resolved "https://registry.yarnpkg.com/@types/mime/-/mime-2.0.3.tgz#c893b73721db73699943bfc3653b1deb7faa4a3a"
  integrity sha512-Jus9s4CDbqwocc5pOAnh8ShfrnMcPHuJYzVcSUU7lrh8Ni5HuIqX3oilL86p3dlTrk0LzHRCgA/GQ7uNCw6l2Q==

"@types/node@^16.10.2":
  version "16.10.2"
  resolved "https://registry.yarnpkg.com/@types/node/-/node-16.10.2.tgz#5764ca9aa94470adb4e1185fe2e9f19458992b2e"
  integrity sha512-zCclL4/rx+W5SQTzFs9wyvvyCwoK9QtBpratqz2IYJ3O8Umrn0m3nsTv0wQBk9sRGpvUe9CwPDrQFB10f1FIjQ==

acorn-walk@^8.1.1:
  version "8.1.1"
  resolved "https://registry.yarnpkg.com/acorn-walk/-/acorn-walk-8.1.1.tgz#3ddab7f84e4a7e2313f6c414c5b7dac85f4e3ebc"
  integrity sha512-FbJdceMlPHEAWJOILDk1fXD8lnTlEIWFkqtfk+MvmL5q/qlHfN7GEHcsFZWt/Tea9jRNPWUZG4G976nqAAmU9w==

acorn@^8.4.1:
  version "8.4.1"
  resolved "https://registry.yarnpkg.com/acorn/-/acorn-8.4.1.tgz#56c36251fc7cabc7096adc18f05afe814321a28c"
  integrity sha512-asabaBSkEKosYKMITunzX177CXxQ4Q8BSSzMTKD+FefUhipQC70gfW5SiUDhYQ3vk8G+81HqQk7Fv9OXwwn9KA==

arg@^4.1.0:
  version "4.1.3"
  resolved "https://registry.yarnpkg.com/arg/-/arg-4.1.3.tgz#269fc7ad5b8e42cb63c896d5666017261c144089"
  integrity sha512-58S9QDqG0Xx27YwPSt9fJxivjYl432YCwfDMfZ+71RAqUrZef7LrKQZ3LHLOwCS4FLNBplP533Zx895SeOCHvA==

create-require@^1.1.0:
  version "1.1.1"
  resolved "https://registry.yarnpkg.com/create-require/-/create-require-1.1.1.tgz#c1d7e8f1e5f6cfc9ff65f9cd352d37348756c333"
  integrity sha512-dcKFX3jn0MpIaXjisoRvexIJVEKzaq7z2rZKxf+MSr9TkdmHmsU4m2lcLojrj/FHl8mk5VxMmYA+ftRkP/3oKQ==

diff@^4.0.1:
  version "4.0.2"
  resolved "https://registry.yarnpkg.com/diff/-/diff-4.0.2.tgz#60f3aecb89d5fae520c11aa19efc2bb982aade7d"
  integrity sha512-58lmxKSA4BNyLz+HHMUzlOEpg09FV+ev6ZMe3vJihgdxzgcwZ8VoEEPmALCZG9LmqfVoNMMKpttIYTVG6uDY7A==

make-error@^1.1.1:
  version "1.3.6"
  resolved "https://registry.yarnpkg.com/make-error/-/make-error-1.3.6.tgz#2eb2e37ea9b67c4891f684a1394799af484cf7a2"
  integrity sha512-s8UhlNe7vPKomQhC1qFelMokr/Sc3AgNbso3n74mVPA5LTZwkB9NlXf4XPamLxJE8h0gh73rM94xvwRT2CVInw==

mime@^2.5.2:
  version "2.5.2"
  resolved "https://registry.yarnpkg.com/mime/-/mime-2.5.2.tgz#6e3dc6cc2b9510643830e5f19d5cb753da5eeabe"
  integrity sha512-tqkh47FzKeCPD2PUiPB6pkbMzsCasjxAfC62/Wap5qrUWcb+sFasXUC5I3gYM5iBM8v/Qpn4UK0x+j0iHyFPDg==

nanoid@^3.1.28:
  version "3.1.28"
  resolved "https://registry.yarnpkg.com/nanoid/-/nanoid-3.1.28.tgz#3c01bac14cb6c5680569014cc65a2f26424c6bd4"
  integrity sha512-gSu9VZ2HtmoKYe/lmyPFES5nknFrHa+/DT9muUFWFMi6Jh9E1I7bkvlQ8xxf1Kos9pi9o8lBnIOkatMhKX/YUw==

prettier@^2.4.1:
  version "2.4.1"
  resolved "https://registry.yarnpkg.com/prettier/-/prettier-2.4.1.tgz#671e11c89c14a4cfc876ce564106c4a6726c9f5c"
  integrity sha512-9fbDAXSBcc6Bs1mZrDYb3XKzDLm4EXXL9sC1LqKP5rZkT6KRr/rf9amVUcODVXgguK/isJz0d0hP72WeaKWsvA==

pretty-bytes@^5.6.0:
  version "5.6.0"
  resolved "https://registry.yarnpkg.com/pretty-bytes/-/pretty-bytes-5.6.0.tgz#356256f643804773c82f64723fe78c92c62beaeb"
  integrity sha512-FFw039TmrBqFK8ma/7OL3sDz/VytdtJr044/QUJtH0wK9lb9jLq9tJyIxUwtQJHwar2BqtiA4iCWSwo9JLkzFg==

prisma@^3.2.0:
  version "3.2.0"
  resolved "https://registry.yarnpkg.com/prisma/-/prisma-3.2.0.tgz#d4247114f1e4e4c67b9c70381c9aea4434882a38"
  integrity sha512-o8+DH0RD5DbP8QTZej2dsY64yvjOwOG3TWOlJyoCHQ+8DH9m4tzxo38j6IF/PqpN4PmAGPpHuNi/nssG1cvYlQ==
  dependencies:
    "@prisma/engines" "3.2.0-34.afdab2f10860244038c4e32458134112852d4dad"

ts-node@^10.2.1:
  version "10.2.1"
  resolved "https://registry.yarnpkg.com/ts-node/-/ts-node-10.2.1.tgz#4cc93bea0a7aba2179497e65bb08ddfc198b3ab5"
  integrity sha512-hCnyOyuGmD5wHleOQX6NIjJtYVIO8bPP8F2acWkB4W06wdlkgyvJtubO/I9NkI88hCFECbsEgoLc0VNkYmcSfw==
  dependencies:
    "@cspotcode/source-map-support" "0.6.1"
    "@tsconfig/node10" "^1.0.7"
    "@tsconfig/node12" "^1.0.7"
    "@tsconfig/node14" "^1.0.0"
    "@tsconfig/node16" "^1.0.2"
    acorn "^8.4.1"
    acorn-walk "^8.1.1"
    arg "^4.1.0"
    create-require "^1.1.0"
    diff "^4.0.1"
    make-error "^1.1.1"
    yn "3.1.1"

typescript@^4.4.3:
  version "4.4.3"
  resolved "https://registry.yarnpkg.com/typescript/-/typescript-4.4.3.tgz#bdc5407caa2b109efd4f82fe130656f977a29324"
  integrity sha512-4xfscpisVgqqDfPaJo5vkd+Qd/ItkoagnHpufr+i2QCHBsNYp+G7UAoyFl8aPtx879u38wPV65rZ8qbGZijalA==

yn@3.1.1:
  version "3.1.1"
  resolved "https://registry.yarnpkg.com/yn/-/yn-3.1.1.tgz#1e87401a09d767c1d5eab26a6e4c185182d2eb50"
  integrity sha512-Ux4ygGWsu2c7isFWe8Yu1YluJmqVhxqK2cLXNQA5AcC3QfbGNpM7fu0Y8b/z16pXLnFxZYvWhd3fhBY9DLmC6Q==
